// !$*UTF8*$!
{
	archiveVersion = 1;
	classes = {
	};
	objectVersion = 46;
	objects = {

/* Begin PBXBuildFile section */
		EECEAA2A197EEC88006EEACE /* AppDelegate.swift in Sources */ = {isa = PBXBuildFile; fileRef = EECEAA29197EEC88006EEACE /* AppDelegate.swift */; };
		EECEAA2C197EEC88006EEACE /* SearchResultsViewController.swift in Sources */ = {isa = PBXBuildFile; fileRef = EECEAA2B197EEC88006EEACE /* SearchResultsViewController.swift */; };
		EECEAA2F197EEC88006EEACE /* Main.storyboard in Resources */ = {isa = PBXBuildFile; fileRef = EECEAA2D197EEC88006EEACE /* Main.storyboard */; };
		EECEAA31197EEC88006EEACE /* Images.xcassets in Resources */ = {isa = PBXBuildFile; fileRef = EECEAA30197EEC88006EEACE /* Images.xcassets */; };
		EECEAA3D197EEC88006EEACE /* HelloWorld_jqTests.swift in Sources */ = {isa = PBXBuildFile; fileRef = EECEAA3C197EEC88006EEACE /* HelloWorld_jqTests.swift */; };
		EECEAA47197EFC52006EEACE /* APIController.swift in Sources */ = {isa = PBXBuildFile; fileRef = EECEAA46197EFC52006EEACE /* APIController.swift */; };
		EECEAA4919804996006EEACE /* Blank52.png in Resources */ = {isa = PBXBuildFile; fileRef = EECEAA4819804996006EEACE /* Blank52.png */; };
/* End PBXBuildFile section */

/* Begin PBXContainerItemProxy section */
		EECEAA37197EEC88006EEACE /* PBXContainerItemProxy */ = {
			isa = PBXContainerItemProxy;
			containerPortal = EECEAA1C197EEC88006EEACE /* Project object */;
			proxyType = 1;
			remoteGlobalIDString = EECEAA23197EEC88006EEACE;
			remoteInfo = "HelloWorld-jq";
		};
/* End PBXContainerItemProxy section */

/* Begin PBXFileReference section */
		EECEAA24197EEC88006EEACE /* HelloWorld-jq.app */ = {isa = PBXFileReference; explicitFileType = wrapper.application; includeInIndex = 0; path = "HelloWorld-jq.app"; sourceTree = BUILT_PRODUCTS_DIR; };
		EECEAA28197EEC88006EEACE /* Info.plist */ = {isa = PBXFileReference; lastKnownFileType = text.plist.xml; path = Info.plist; sourceTree = "<group>"; };
		EECEAA29197EEC88006EEACE /* AppDelegate.swift */ = {isa = PBXFileReference; lastKnownFileType = sourcecode.swift; path = AppDelegate.swift; sourceTree = "<group>"; };
		EECEAA2B197EEC88006EEACE /* SearchResultsViewController.swift */ = {isa = PBXFileReference; lastKnownFileType = sourcecode.swift; path = SearchResultsViewController.swift; sourceTree = "<group>"; };
		EECEAA2E197EEC88006EEACE /* Base */ = {isa = PBXFileReference; lastKnownFileType = file.storyboard; name = Base; path = Base.lproj/Main.storyboard; sourceTree = "<group>"; };
		EECEAA30197EEC88006EEACE /* Images.xcassets */ = {isa = PBXFileReference; lastKnownFileType = folder.assetcatalog; path = Images.xcassets; sourceTree = "<group>"; };
		EECEAA36197EEC88006EEACE /* HelloWorld-jqTests.xctest */ = {isa = PBXFileReference; explicitFileType = wrapper.cfbundle; includeInIndex = 0; path = "HelloWorld-jqTests.xctest"; sourceTree = BUILT_PRODUCTS_DIR; };
		EECEAA3B197EEC88006EEACE /* Info.plist */ = {isa = PBXFileReference; lastKnownFileType = text.plist.xml; path = Info.plist; sourceTree = "<group>"; };
		EECEAA3C197EEC88006EEACE /* HelloWorld_jqTests.swift */ = {isa = PBXFileReference; lastKnownFileType = sourcecode.swift; path = HelloWorld_jqTests.swift; sourceTree = "<group>"; };
		EECEAA46197EFC52006EEACE /* APIController.swift */ = {isa = PBXFileReference; fileEncoding = 4; lastKnownFileType = sourcecode.swift; path = APIController.swift; sourceTree = "<group>"; };
		EECEAA4819804996006EEACE /* Blank52.png */ = {isa = PBXFileReference; lastKnownFileType = image.png; name = Blank52.png; path = ../Blank52.png; sourceTree = "<group>"; };
/* End PBXFileReference section */

/* Begin PBXFrameworksBuildPhase section */
		EECEAA21197EEC88006EEACE /* Frameworks */ = {
			isa = PBXFrameworksBuildPhase;
			buildActionMask = 2147483647;
			files = (
			);
			runOnlyForDeploymentPostprocessing = 0;
		};
		EECEAA33197EEC88006EEACE /* Frameworks */ = {
			isa = PBXFrameworksBuildPhase;
			buildActionMask = 2147483647;
			files = (
			);
			runOnlyForDeploymentPostprocessing = 0;
		};
/* End PBXFrameworksBuildPhase section */

/* Begin PBXGroup section */
		EECEAA1B197EEC88006EEACE = {
			isa = PBXGroup;
			children = (
				EECEAA26197EEC88006EEACE /* HelloWorld-jq */,
				EECEAA39197EEC88006EEACE /* HelloWorld-jqTests */,
				EECEAA25197EEC88006EEACE /* Products */,
			);
			sourceTree = "<group>";
		};
		EECEAA25197EEC88006EEACE /* Products */ = {
			isa = PBXGroup;
			children = (
				EECEAA24197EEC88006EEACE /* HelloWorld-jq.app */,
				EECEAA36197EEC88006EEACE /* HelloWorld-jqTests.xctest */,
			);
			name = Products;
			sourceTree = "<group>";
		};
		EECEAA26197EEC88006EEACE /* HelloWorld-jq */ = {
			isa = PBXGroup;
			children = (
				EECEAA29197EEC88006EEACE /* AppDelegate.swift */,
				EECEAA2B197EEC88006EEACE /* SearchResultsViewController.swift */,
				EECEAA2D197EEC88006EEACE /* Main.storyboard */,
				EECEAA46197EFC52006EEACE /* APIController.swift */,
				EECEAA30197EEC88006EEACE /* Images.xcassets */,
				EECEAA27197EEC88006EEACE /* Supporting Files */,
			);
			path = "HelloWorld-jq";
			sourceTree = "<group>";
		};
		EECEAA27197EEC88006EEACE /* Supporting Files */ = {
			isa = PBXGroup;
			children = (
				EECEAA4819804996006EEACE /* Blank52.png */,
				EECEAA28197EEC88006EEACE /* Info.plist */,
			);
			name = "Supporting Files";
			sourceTree = "<group>";
		};
		EECEAA39197EEC88006EEACE /* HelloWorld-jqTests */ = {
			isa = PBXGroup;
			children = (
				EECEAA3C197EEC88006EEACE /* HelloWorld_jqTests.swift */,
				EECEAA3A197EEC88006EEACE /* Supporting Files */,
			);
			path = "HelloWorld-jqTests";
			sourceTree = "<group>";
		};
		EECEAA3A197EEC88006EEACE /* Supporting Files */ = {
			isa = PBXGroup;
			children = (
				EECEAA3B197EEC88006EEACE /* Info.plist */,
			);
			name = "Supporting Files";
			sourceTree = "<group>";
		};
/* End PBXGroup section */

/* Begin PBXNativeTarget section */
		EECEAA23197EEC88006EEACE /* HelloWorld-jq */ = {
			isa = PBXNativeTarget;
			buildConfigurationList = EECEAA40197EEC88006EEACE /* Build configuration list for PBXNativeTarget "HelloWorld-jq" */;
			buildPhases = (
				EECEAA20197EEC88006EEACE /* Sources */,
				EECEAA21197EEC88006EEACE /* Frameworks */,
				EECEAA22197EEC88006EEACE /* Resources */,
			);
			buildRules = (
			);
			dependencies = (
			);
			name = "HelloWorld-jq";
			productName = "HelloWorld-jq";
			productReference = EECEAA24197EEC88006EEACE /* HelloWorld-jq.app */;
			productType = "com.apple.product-type.application";
		};
		EECEAA35197EEC88006EEACE /* HelloWorld-jqTests */ = {
			isa = PBXNativeTarget;
			buildConfigurationList = EECEAA43197EEC88006EEACE /* Build configuration list for PBXNativeTarget "HelloWorld-jqTests" */;
			buildPhases = (
				EECEAA32197EEC88006EEACE /* Sources */,
				EECEAA33197EEC88006EEACE /* Frameworks */,
				EECEAA34197EEC88006EEACE /* Resources */,
			);
			buildRules = (
			);
			dependencies = (
				EECEAA38197EEC88006EEACE /* PBXTargetDependency */,
			);
			name = "HelloWorld-jqTests";
			productName = "HelloWorld-jqTests";
			productReference = EECEAA36197EEC88006EEACE /* HelloWorld-jqTests.xctest */;
			productType = "com.apple.product-type.bundle.unit-test";
		};
/* End PBXNativeTarget section */

/* Begin PBXProject section */
		EECEAA1C197EEC88006EEACE /* Project object */ = {
			isa = PBXProject;
			attributes = {
				LastUpgradeCheck = 0600;
				ORGANIZATIONNAME = muya;
				TargetAttributes = {
					EECEAA23197EEC88006EEACE = {
						CreatedOnToolsVersion = 6.0;
					};
					EECEAA35197EEC88006EEACE = {
						CreatedOnToolsVersion = 6.0;
						TestTargetID = EECEAA23197EEC88006EEACE;
					};
				};
			};
			buildConfigurationList = EECEAA1F197EEC88006EEACE /* Build configuration list for PBXProject "HelloWorld-jq" */;
			compatibilityVersion = "Xcode 3.2";
			developmentRegion = English;
			hasScannedForEncodings = 0;
			knownRegions = (
				en,
				Base,
			);
			mainGroup = EECEAA1B197EEC88006EEACE;
			productRefGroup = EECEAA25197EEC88006EEACE /* Products */;
			projectDirPath = "";
			projectRoot = "";
			targets = (
				EECEAA23197EEC88006EEACE /* HelloWorld-jq */,
				EECEAA35197EEC88006EEACE /* HelloWorld-jqTests */,
			);
		};
/* End PBXProject section */

/* Begin PBXResourcesBuildPhase section */
		EECEAA22197EEC88006EEACE /* Resources */ = {
			isa = PBXResourcesBuildPhase;
			buildActionMask = 2147483647;
			files = (
				EECEAA4919804996006EEACE /* Blank52.png in Resources */,
				EECEAA2F197EEC88006EEACE /* Main.storyboard in Resources */,
				EECEAA31197EEC88006EEACE /* Images.xcassets in Resources */,
			);
			runOnlyForDeploymentPostprocessing = 0;
		};
		EECEAA34197EEC88006EEACE /* Resources */ = {
			isa = PBXResourcesBuildPhase;
			buildActionMask = 2147483647;
			files = (
			);
			runOnlyForDeploymentPostprocessing = 0;
		};
/* End PBXResourcesBuildPhase section */

/* Begin PBXSourcesBuildPhase section */
		EECEAA20197EEC88006EEACE /* Sources */ = {
			isa = PBXSourcesBuildPhase;
			buildActionMask = 2147483647;
			files = (
				EECEAA2C197EEC88006EEACE /* SearchResultsViewController.swift in Sources */,
				EECEAA2A197EEC88006EEACE /* AppDelegate.swift in Sources */,
				EECEAA47197EFC52006EEACE /* APIController.swift in Sources */,
			);
			runOnlyForDeploymentPostprocessing = 0;
		};
		EECEAA32197EEC88006EEACE /* Sources */ = {
			isa = PBXSourcesBuildPhase;
			buildActionMask = 2147483647;
			files = (
				EECEAA3D197EEC88006EEACE /* HelloWorld_jqTests.swift in Sources */,
			);
			runOnlyForDeploymentPostprocessing = 0;
		};
/* End PBXSourcesBuildPhase section */

/* Begin PBXTargetDependency section */
		EECEAA38197EEC88006EEACE /* PBXTargetDependency */ = {
			isa = PBXTargetDependency;
			target = EECEAA23197EEC88006EEACE /* HelloWorld-jq */;
			targetProxy = EECEAA37197EEC88006EEACE /* PBXContainerItemProxy */;
		};
/* End PBXTargetDependency section */

/* Begin PBXVariantGroup section */
		EECEAA2D197EEC88006EEACE /* Main.storyboard */ = {
			isa = PBXVariantGroup;
			children = (
				EECEAA2E197EEC88006EEACE /* Base */,
			);
			name = Main.storyboard;
			sourceTree = "<group>";
		};
/* End PBXVariantGroup section */

/* Begin XCBuildConfiguration section */
		EECEAA3E197EEC88006EEACE /* Debug */ = {
			isa = XCBuildConfiguration;
			buildSettings = {
				ALWAYS_SEARCH_USER_PATHS = NO;
				CLANG_CXX_LANGUAGE_STANDARD = "gnu++0x";
				CLANG_CXX_LIBRARY = "libc++";
				CLANG_ENABLE_MODULES = YES;
				CLANG_ENABLE_OBJC_ARC = YES;
				CLANG_WARN_BOOL_CONVERSION = YES;
				CLANG_WARN_CONSTANT_CONVERSION = YES;
				CLANG_WARN_DIRECT_OBJC_ISA_USAGE = YES_ERROR;
				CLANG_WARN_EMPTY_BODY = YES;
				CLANG_WARN_ENUM_CONVERSION = YES;
				CLANG_WARN_INT_CONVERSION = YES;
				CLANG_WARN_OBJC_ROOT_CLASS = YES_ERROR;
				CLANG_WARN_UNREACHABLE_CODE = YES;
				CLANG_WARN__DUPLICATE_METHOD_MATCH = YES;
				"CODE_SIGN_IDENTITY[sdk=iphoneos*]" = "iPhone Developer";
				COPY_PHASE_STRIP = NO;
				ENABLE_STRICT_OBJC_MSGSEND = YES;
				GCC_C_LANGUAGE_STANDARD = gnu99;
				GCC_DYNAMIC_NO_PIC = NO;
				GCC_OPTIMIZATION_LEVEL = 0;
				GCC_PREPROCESSOR_DEFINITIONS = (
					"DEBUG=1",
					"$(inherited)",
				);
				GCC_SYMBOLS_PRIVATE_EXTERN = NO;
				GCC_WARN_64_TO_32_BIT_CONVERSION = YES;
				GCC_WARN_ABOUT_RETURN_TYPE = YES_ERROR;
				GCC_WARN_UNDECLARED_SELECTOR = YES;
				GCC_WARN_UNINITIALIZED_AUTOS = YES_AGGRESSIVE;
				GCC_WARN_UNUSED_FUNCTION = YES;
				GCC_WARN_UNUSED_VARIABLE = YES;
				IPHONEOS_DEPLOYMENT_TARGET = 8.0;
				MTL_ENABLE_DEBUG_INFO = YES;
				ONLY_ACTIVE_ARCH = YES;
				SDKROOT = iphoneos;
				SWIFT_OPTIMIZATION_LEVEL = "-Onone";
			};
			name = Debug;
		};
		EECEAA3F197EEC88006EEACE /* Release */ = {
			isa = XCBuildConfiguration;
			buildSettings = {
				ALWAYS_SEARCH_USER_PATHS = NO;
				CLANG_CXX_LANGUAGE_STANDARD = "gnu++0x";
				CLANG_CXX_LIBRARY = "libc++";
				CLANG_ENABLE_MODULES = YES;
				CLANG_ENABLE_OBJC_ARC = YES;
				CLANG_WARN_BOOL_CONVERSION = YES;
				CLANG_WARN_CONSTANT_CONVERSION = YES;
				CLANG_WARN_DIRECT_OBJC_ISA_USAGE = YES_ERROR;
				CLANG_WARN_EMPTY_BODY = YES;
				CLANG_WARN_ENUM_CONVERSION = YES;
				CLANG_WARN_INT_CONVERSION = YES;
				CLANG_WARN_OBJC_ROOT_CLASS = YES_ERROR;
				CLANG_WARN_UNREACHABLE_CODE = YES;
				CLANG_WARN__DUPLICATE_METHOD_MATCH = YES;
				"CODE_SIGN_IDENTITY[sdk=iphoneos*]" = "iPhone Developer";
				COPY_PHASE_STRIP = YES;
				ENABLE_NS_ASSERTIONS = NO;
				ENABLE_STRICT_OBJC_MSGSEND = YES;
				GCC_C_LANGUAGE_STANDARD = gnu99;
				GCC_WARN_64_TO_32_BIT_CONVERSION = YES;
				GCC_WARN_ABOUT_RETURN_TYPE = YES_ERROR;
				GCC_WARN_UNDECLARED_SELECTOR = YES;
				GCC_WARN_UNINITIALIZED_AUTOS = YES_AGGRESSIVE;
				GCC_WARN_UNUSED_FUNCTION = YES;
				GCC_WARN_UNUSED_VARIABLE = YES;
				IPHONEOS_DEPLOYMENT_TARGET = 8.0;
				MTL_ENABLE_DEBUG_INFO = NO;
				SDKROOT = iphoneos;
				VALIDATE_PRODUCT = YES;
			};
			name = Release;
		};
		EECEAA41197EEC88006EEACE /* Debug */ = {
			isa = XCBuildConfiguration;
			buildSettings = {
				ASSETCATALOG_COMPILER_APPICON_NAME = AppIcon;
				ASSETCATALOG_COMPILER_LAUNCHIMAGE_NAME = LaunchImage;
				INFOPLIST_FILE = "HelloWorld-jq/Info.plist";
				LD_RUNPATH_SEARCH_PATHS = "$(inherited) @executable_path/Frameworks";
				PRODUCT_NAME = "$(TARGET_NAME)";
			};
			name = Debug;
		};
		EECEAA42197EEC88006EEACE /* Release */ = {
			isa = XCBuildConfiguration;
			buildSettings = {
				ASSETCATALOG_COMPILER_APPICON_NAME = AppIcon;
				ASSETCATALOG_COMPILER_LAUNCHIMAGE_NAME = LaunchImage;
				INFOPLIST_FILE = "HelloWorld-jq/Info.plist";
				LD_RUNPATH_SEARCH_PATHS = "$(inherited) @executable_path/Frameworks";
				PRODUCT_NAME = "$(TARGET_NAME)";
			};
			name = Release;
		};
		EECEAA44197EEC88006EEACE /* Debug */ = {
			isa = XCBuildConfiguration;
			buildSettings = {
				BUNDLE_LOADER = "$(BUILT_PRODUCTS_DIR)/HelloWorld-jq.app/HelloWorld-jq";
				FRAMEWORK_SEARCH_PATHS = (
					"$(SDKROOT)/Developer/Library/Frameworks",
					"$(inherited)",
				);
				GCC_PREPROCESSOR_DEFINITIONS = (
					"DEBUG=1",
					"$(inherited)",
				);
				INFOPLIST_FILE = "HelloWorld-jqTests/Info.plist";
				LD_RUNPATH_SEARCH_PATHS = "$(inherited) @executable_path/Frameworks @loader_path/Frameworks";
				PRODUCT_NAME = "$(TARGET_NAME)";
				TEST_HOST = "$(BUNDLE_LOADER)";
			};
			name = Debug;
		};
		EECEAA45197EEC88006EEACE /* Release */ = {
			isa = XCBuildConfiguration;
			buildSettings = {
				BUNDLE_LOADER = "$(BUILT_PRODUCTS_DIR)/HelloWorld-jq.app/HelloWorld-jq";
				FRAMEWORK_SEARCH_PATHS = (
					"$(SDKROOT)/Developer/Library/Frameworks",
					"$(inherited)",
				);
				INFOPLIST_FILE = "HelloWorld-jqTests/Info.plist";
				LD_RUNPATH_SEARCH_PATHS = "$(inherited) @executable_path/Frameworks @loader_path/Frameworks";
				PRODUCT_NAME = "$(TARGET_NAME)";
				TEST_HOST = "$(BUNDLE_LOADER)";
			};
			name = Release;
		};
/* End XCBuildConfiguration section */

/* Begin XCConfigurationList section */
		EECEAA1F197EEC88006EEACE /* Build configuration list for PBXProject "HelloWorld-jq" */ = {
			isa = XCConfigurationList;
			buildConfigurations = (
				EECEAA3E197EEC88006EEACE /* Debug */,
				EECEAA3F197EEC88006EEACE /* Release */,
			);
			defaultConfigurationIsVisible = 0;
			defaultConfigurationName = Release;
		};
		EECEAA40197EEC88006EEACE /* Build configuration list for PBXNativeTarget "HelloWorld-jq" */ = {
			isa = XCConfigurationList;
			buildConfigurations = (
				EECEAA41197EEC88006EEACE /* Debug */,
				EECEAA42197EEC88006EEACE /* Release */,
			);
			defaultConfigurationIsVisible = 0;
		};
		EECEAA43197EEC88006EEACE /* Build configuration list for PBXNativeTarget "HelloWorld-jqTests" */ = {
			isa = XCConfigurationList;
			buildConfigurations = (
				EECEAA44197EEC88006EEACE /* Debug */,
				EECEAA45197EEC88006EEACE /* Release */,
			);
			defaultConfigurationIsVisible = 0;
		};
/* End XCConfigurationList section */
	};
	rootObject = EECEAA1C197EEC88006EEACE /* Project object */;
}
